
Microsoft Visual Studio Solution File, Format Version 12.00
# Visual Studio 2012
Project("{FAE04EC0-301F-11D3-BF4B-00C04F79EFBC}") = "AutoSign", "AutoSign\AutoSign.csproj", "{7B733F63-5225-4CFC-9F82-1245508CE12B}"
EndProject
Global
	GlobalSection(SolutionConfigurationPlatforms) = preSolution
		Debug|Any CPU = Debug|Any CPU
		Release|Any CPU = Release|Any CPU
	EndGlobalSection
	GlobalSection(ProjectConfigurationPlatforms) = postSolution
		{7B733F63-5225-4CFC-9F82-1245508CE12B}.Debug|Any CPU.ActiveCfg = Debug|Any CPU
		{7B733F63-5225-4CFC-9F82-1245508CE12B}.Debug|Any CPU.Build.0 = Debug|Any CPU
		{7B733F63-5225-4CFC-9F82-1245508CE12B}.Release|Any CPU.ActiveCfg = Release|Any CPU
		{7B733F63-5225-4CFC-9F82-1245508CE12B}.Release|Any CPU.Build.0 = Release|Any CPU
	EndGlobalSection
	GlobalSection(SolutionProperties) = preSolution
		HideSolutionNode = FALSE
	EndGlobalSection
EndGlobal
